
Microsoft Visual Studio Solution File, Format Version 12.00
# Visual Studio Version 16
VisualStudioVersion = 16.0.30711.63
MinimumVisualStudioVersion = 10.0.40219.1
Project("{9A19103F-16F7-4668-BE54-9A1E7A4F7556}") = "CC1.API", "CC1.API\CC1.API.csproj", "{32996286-02D1-4131-8955-A50E7BF91D0F}"
EndProject
Project("{9A19103F-16F7-4668-BE54-9A1E7A4F7556}") = "CC1.Model", "CC1.Model\CC1.Model.csproj", "{50B674FC-50F7-41DD-9ED2-BFCF22891299}"
EndProject
Project("{9A19103F-16F7-4668-BE54-9A1E7A4F7556}") = "CC1.IRepository", "IRepository\CC1.IRepository.csproj", "{A4EDB308-5E90-4D4C-BBA4-7D83439B7518}"
EndProject
Project("{9A19103F-16F7-4668-BE54-9A1E7A4F7556}") = "CC1.Repository", "CC1.Repository\CC1.Repository.csproj", "{FD40C3F5-54B1-411F-8806-B3178F0DE6AD}"
EndProject
Project("{9A19103F-16F7-4668-BE54-9A1E7A4F7556}") = "CC1.IService", "CC1.IService\CC1.IService.csproj", "{604594E8-0E54-4553-B873-95C3A706A402}"
EndProject
Project("{9A19103F-16F7-4668-BE54-9A1E7A4F7556}") = "CC1.Service", "CC1.Service\CC1.Service.csproj", "{E1EFDB7F-9D90-4B3D-82F8-0ED0EEDB3ABA}"
EndProject
Project("{FAE04EC0-301F-11D3-BF4B-00C04F79EFBC}") = "CC1.JWT", "CC1.JWT\CC1.JWT.csproj", "{C994DAD6-9F4F-41FC-B937-1AC2C6BF41B5}"
EndProject
Project("{FAE04EC0-301F-11D3-BF4B-00C04F79EFBC}") = "CC1.Common", "CC1.Common\CC1.Common.csproj", "{747FBFA6-5D98-473A-97F9-21DDB7A60224}"
EndProject
Global
	GlobalSection(SolutionConfigurationPlatforms) = preSolution
		Debug|Any CPU = Debug|Any CPU
		Release|Any CPU = Release|Any CPU
	EndGlobalSection
	GlobalSection(ProjectConfigurationPlatforms) = postSolution
		{32996286-02D1-4131-8955-A50E7BF91D0F}.Debug|Any CPU.ActiveCfg = Debug|Any CPU
		{32996286-02D1-4131-8955-A50E7BF91D0F}.Debug|Any CPU.Build.0 = Debug|Any CPU
		{32996286-02D1-4131-8955-A50E7BF91D0F}.Release|Any CPU.ActiveCfg = Release|Any CPU
		{32996286-02D1-4131-8955-A50E7BF91D0F}.Release|Any CPU.Build.0 = Release|Any CPU
		{50B674FC-50F7-41DD-9ED2-BFCF22891299}.Debug|Any CPU.ActiveCfg = Debug|Any CPU
		{50B674FC-50F7-41DD-9ED2-BFCF22891299}.Debug|Any CPU.Build.0 = Debug|Any CPU
		{50B674FC-50F7-41DD-9ED2-BFCF22891299}.Release|Any CPU.ActiveCfg = Release|Any CPU
		{50B674FC-50F7-41DD-9ED2-BFCF22891299}.Release|Any CPU.Build.0 = Release|Any CPU
		{A4EDB308-5E90-4D4C-BBA4-7D83439B7518}.Debug|Any CPU.ActiveCfg = Debug|Any CPU
		{A4EDB308-5E90-4D4C-BBA4-7D83439B7518}.Debug|Any CPU.Build.0 = Debug|Any CPU
		{A4EDB308-5E90-4D4C-BBA4-7D83439B7518}.Release|Any CPU.ActiveCfg = Release|Any CPU
		{A4EDB308-5E90-4D4C-BBA4-7D83439B7518}.Release|Any CPU.Build.0 = Release|Any CPU
		{FD40C3F5-54B1-411F-8806-B3178F0DE6AD}.Debug|Any CPU.ActiveCfg = Debug|Any CPU
		{FD40C3F5-54B1-411F-8806-B3178F0DE6AD}.Debug|Any CPU.Build.0 = Debug|Any CPU
		{FD40C3F5-54B1-411F-8806-B3178F0DE6AD}.Release|Any CPU.ActiveCfg = Release|Any CPU
		{FD40C3F5-54B1-411F-8806-B3178F0DE6AD}.Release|Any CPU.Build.0 = Release|Any CPU
		{604594E8-0E54-4553-B873-95C3A706A402}.Debug|Any CPU.ActiveCfg = Debug|Any CPU
		{604594E8-0E54-4553-B873-95C3A706A402}.Debug|Any CPU.Build.0 = Debug|Any CPU
		{604594E8-0E54-4553-B873-95C3A706A402}.Release|Any CPU.ActiveCfg = Release|Any CPU
		{604594E8-0E54-4553-B873-95C3A706A402}.Release|Any CPU.Build.0 = Release|Any CPU
		{E1EFDB7F-9D90-4B3D-82F8-0ED0EEDB3ABA}.Debug|Any CPU.ActiveCfg = Debug|Any CPU
		{E1EFDB7F-9D90-4B3D-82F8-0ED0EEDB3ABA}.Debug|Any CPU.Build.0 = Debug|Any CPU
		{E1EFDB7F-9D90-4B3D-82F8-0ED0EEDB3ABA}.Release|Any CPU.ActiveCfg = Release|Any CPU
		{E1EFDB7F-9D90-4B3D-82F8-0ED0EEDB3ABA}.Release|Any CPU.Build.0 = Release|Any CPU
		{C994DAD6-9F4F-41FC-B937-1AC2C6BF41B5}.Debug|Any CPU.ActiveCfg = Debug|Any CPU
		{C994DAD6-9F4F-41FC-B937-1AC2C6BF41B5}.Debug|Any CPU.Build.0 = Debug|Any CPU
		{C994DAD6-9F4F-41FC-B937-1AC2C6BF41B5}.Release|Any CPU.ActiveCfg = Release|Any CPU
		{C994DAD6-9F4F-41FC-B937-1AC2C6BF41B5}.Release|Any CPU.Build.0 = Release|Any CPU
		{747FBFA6-5D98-473A-97F9-21DDB7A60224}.Debug|Any CPU.ActiveCfg = Debug|Any CPU
		{747FBFA6-5D98-473A-97F9-21DDB7A60224}.Debug|Any CPU.Build.0 = Debug|Any CPU
		{747FBFA6-5D98-473A-97F9-21DDB7A60224}.Release|Any CPU.ActiveCfg = Release|Any CPU
		{747FBFA6-5D98-473A-97F9-21DDB7A60224}.Release|Any CPU.Build.0 = Release|Any CPU
	EndGlobalSection
	GlobalSection(SolutionProperties) = preSolution
		HideSolutionNode = FALSE
	EndGlobalSection
	GlobalSection(ExtensibilityGlobals) = postSolution
		SolutionGuid = {DFB53B13-38DE-4F8F-A555-AACEDC10ED0F}
	EndGlobalSection
EndGlobal
